
Microsoft Visual Studio Solution File, Format Version 12.00
# Visual Studio 14
VisualStudioVersion = 14.0.25123.0
MinimumVisualStudioVersion = 10.0.40219.1
Project("{FAE04EC0-301F-11D3-BF4B-00C04F79EFBC}") = "QA.Core", "QA.Core\QA.Core.csproj", "{21895C57-CB09-4AF4-906A-71ED4599FE65}"
EndProject
Project("{FAE04EC0-301F-11D3-BF4B-00C04F79EFBC}") = "QA.Core.Service.Interaction", "QA.Core.Service.Interaction\QA.Core.Service.Interaction.csproj", "{55DD52CC-35E6-4254-A753-5005EF682F14}"
EndProject
Project("{FAE04EC0-301F-11D3-BF4B-00C04F79EFBC}") = "QA.Core.Service", "QA.Core.Service\QA.Core.Service.csproj", "{A17AB7C2-E85B-47EF-9C2B-34F8AC109D33}"
EndProject
Project("{FAE04EC0-301F-11D3-BF4B-00C04F79EFBC}") = "QA.Core.Web", "QA.Core.Web\QA.Core.Web.csproj", "{D11650B3-2082-48B1-986B-605A033A04DC}"
EndProject
Project("{FAE04EC0-301F-11D3-BF4B-00C04F79EFBC}") = "QA.Core.Web.Tests", "QA.Core.Web.Tests\QA.Core.Web.Tests.csproj", "{00C4EAF8-5B0B-46ED-A0D3-B1BACBBCAEB6}"
EndProject
Project("{2150E333-8FDC-42A3-9474-1A3956D46DE8}") = "Tests", "Tests", "{03857B97-0F11-42EA-A3AF-836B0EDCB996}"
EndProject
Project("{2150E333-8FDC-42A3-9474-1A3956D46DE8}") = "Core", "Core", "{47600711-F839-477F-A962-55ADEFAB04DA}"
EndProject
Project("{FAE04EC0-301F-11D3-BF4B-00C04F79EFBC}") = "QA.Core.Tests", "QA.Core.Tests\QA.Core.Tests.csproj", "{AC71E2D3-347B-4C01-B61C-210366ED67FD}"
EndProject
Project("{FAE04EC0-301F-11D3-BF4B-00C04F79EFBC}") = "QA.Core.Data", "QA.Core.Data\QA.Core.Data.csproj", "{7AF052FF-C40A-45C7-ADFE-BC0FFF0B59FD}"
EndProject
Project("{FAE04EC0-301F-11D3-BF4B-00C04F79EFBC}") = "QA.Core.Data.Tests", "QA.Core.Data.Tests\QA.Core.Data.Tests.csproj", "{B1213078-52A3-42A9-80F3-370E1F5FF4D7}"
EndProject
Project("{FAE04EC0-301F-11D3-BF4B-00C04F79EFBC}") = "QA.Core.Logger", "QA.Core.Logger\QA.Core.Logger.csproj", "{D9D9AEF2-D4CC-4D8E-8FA2-EC10BC2351A8}"
EndProject
Project("{FAE04EC0-301F-11D3-BF4B-00C04F79EFBC}") = "QA.Core.Throws", "QA.Core.Throws\QA.Core.Throws.csproj", "{9E6B8EFD-5222-4442-9543-06560E61AAE4}"
EndProject
Project("{FAE04EC0-301F-11D3-BF4B-00C04F79EFBC}") = "QA.Core.Linq", "QA.Core.Linq\QA.Core.Linq.csproj", "{49367E7A-532F-482F-8C5A-9837162946DB}"
EndProject
Project("{FAE04EC0-301F-11D3-BF4B-00C04F79EFBC}") = "QA.Core.Cache", "QA.Core.Cache\QA.Core.Cache.csproj", "{144DF718-6CC9-4214-BAF2-150FC069ACDF}"
EndProject
Global
	GlobalSection(SolutionConfigurationPlatforms) = preSolution
		Debug|Any CPU = Debug|Any CPU
		Debug|Mixed Platforms = Debug|Mixed Platforms
		Debug|x86 = Debug|x86
		Release|Any CPU = Release|Any CPU
		Release|Mixed Platforms = Release|Mixed Platforms
		Release|x86 = Release|x86
	EndGlobalSection
	GlobalSection(ProjectConfigurationPlatforms) = postSolution
		{21895C57-CB09-4AF4-906A-71ED4599FE65}.Debug|Any CPU.ActiveCfg = Debug|Any CPU
		{21895C57-CB09-4AF4-906A-71ED4599FE65}.Debug|Any CPU.Build.0 = Debug|Any CPU
		{21895C57-CB09-4AF4-906A-71ED4599FE65}.Debug|Mixed Platforms.ActiveCfg = Debug|Any CPU
		{21895C57-CB09-4AF4-906A-71ED4599FE65}.Debug|Mixed Platforms.Build.0 = Debug|Any CPU
		{21895C57-CB09-4AF4-906A-71ED4599FE65}.Debug|x86.ActiveCfg = Debug|Any CPU
		{21895C57-CB09-4AF4-906A-71ED4599FE65}.Release|Any CPU.ActiveCfg = Release|Any CPU
		{21895C57-CB09-4AF4-906A-71ED4599FE65}.Release|Any CPU.Build.0 = Release|Any CPU
		{21895C57-CB09-4AF4-906A-71ED4599FE65}.Release|Mixed Platforms.ActiveCfg = Release|Any CPU
		{21895C57-CB09-4AF4-906A-71ED4599FE65}.Release|Mixed Platforms.Build.0 = Release|Any CPU
		{21895C57-CB09-4AF4-906A-71ED4599FE65}.Release|x86.ActiveCfg = Release|Any CPU
		{55DD52CC-35E6-4254-A753-5005EF682F14}.Debug|Any CPU.ActiveCfg = Debug|Any CPU
		{55DD52CC-35E6-4254-A753-5005EF682F14}.Debug|Any CPU.Build.0 = Debug|Any CPU
		{55DD52CC-35E6-4254-A753-5005EF682F14}.Debug|Mixed Platforms.ActiveCfg = Debug|Any CPU
		{55DD52CC-35E6-4254-A753-5005EF682F14}.Debug|Mixed Platforms.Build.0 = Debug|Any CPU
		{55DD52CC-35E6-4254-A753-5005EF682F14}.Debug|x86.ActiveCfg = Debug|Any CPU
		{55DD52CC-35E6-4254-A753-5005EF682F14}.Release|Any CPU.ActiveCfg = Release|Any CPU
		{55DD52CC-35E6-4254-A753-5005EF682F14}.Release|Any CPU.Build.0 = Release|Any CPU
		{55DD52CC-35E6-4254-A753-5005EF682F14}.Release|Mixed Platforms.ActiveCfg = Release|Any CPU
		{55DD52CC-35E6-4254-A753-5005EF682F14}.Release|Mixed Platforms.Build.0 = Release|Any CPU
		{55DD52CC-35E6-4254-A753-5005EF682F14}.Release|x86.ActiveCfg = Release|Any CPU
		{A17AB7C2-E85B-47EF-9C2B-34F8AC109D33}.Debug|Any CPU.ActiveCfg = Debug|Any CPU
		{A17AB7C2-E85B-47EF-9C2B-34F8AC109D33}.Debug|Any CPU.Build.0 = Debug|Any CPU
		{A17AB7C2-E85B-47EF-9C2B-34F8AC109D33}.Debug|Mixed Platforms.ActiveCfg = Debug|Any CPU
		{A17AB7C2-E85B-47EF-9C2B-34F8AC109D33}.Debug|Mixed Platforms.Build.0 = Debug|Any CPU
		{A17AB7C2-E85B-47EF-9C2B-34F8AC109D33}.Debug|x86.ActiveCfg = Debug|Any CPU
		{A17AB7C2-E85B-47EF-9C2B-34F8AC109D33}.Release|Any CPU.ActiveCfg = Release|Any CPU
		{A17AB7C2-E85B-47EF-9C2B-34F8AC109D33}.Release|Any CPU.Build.0 = Release|Any CPU
		{A17AB7C2-E85B-47EF-9C2B-34F8AC109D33}.Release|Mixed Platforms.ActiveCfg = Release|Any CPU
		{A17AB7C2-E85B-47EF-9C2B-34F8AC109D33}.Release|Mixed Platforms.Build.0 = Release|Any CPU
		{A17AB7C2-E85B-47EF-9C2B-34F8AC109D33}.Release|x86.ActiveCfg = Release|Any CPU
		{D11650B3-2082-48B1-986B-605A033A04DC}.Debug|Any CPU.ActiveCfg = Debug|Any CPU
		{D11650B3-2082-48B1-986B-605A033A04DC}.Debug|Any CPU.Build.0 = Debug|Any CPU
		{D11650B3-2082-48B1-986B-605A033A04DC}.Debug|Mixed Platforms.ActiveCfg = Debug|Any CPU
		{D11650B3-2082-48B1-986B-605A033A04DC}.Debug|Mixed Platforms.Build.0 = Debug|Any CPU
		{D11650B3-2082-48B1-986B-605A033A04DC}.Debug|x86.ActiveCfg = Debug|Any CPU
		{D11650B3-2082-48B1-986B-605A033A04DC}.Release|Any CPU.ActiveCfg = Release|Any CPU
		{D11650B3-2082-48B1-986B-605A033A04DC}.Release|Any CPU.Build.0 = Release|Any CPU
		{D11650B3-2082-48B1-986B-605A033A04DC}.Release|Mixed Platforms.ActiveCfg = Release|Any CPU
		{D11650B3-2082-48B1-986B-605A033A04DC}.Release|Mixed Platforms.Build.0 = Release|Any CPU
		{D11650B3-2082-48B1-986B-605A033A04DC}.Release|x86.ActiveCfg = Release|Any CPU
		{00C4EAF8-5B0B-46ED-A0D3-B1BACBBCAEB6}.Debug|Any CPU.ActiveCfg = Debug|Any CPU
		{00C4EAF8-5B0B-46ED-A0D3-B1BACBBCAEB6}.Debug|Any CPU.Build.0 = Debug|Any CPU
		{00C4EAF8-5B0B-46ED-A0D3-B1BACBBCAEB6}.Debug|Mixed Platforms.ActiveCfg = Debug|Any CPU
		{00C4EAF8-5B0B-46ED-A0D3-B1BACBBCAEB6}.Debug|Mixed Platforms.Build.0 = Debug|Any CPU
		{00C4EAF8-5B0B-46ED-A0D3-B1BACBBCAEB6}.Debug|x86.ActiveCfg = Debug|Any CPU
		{00C4EAF8-5B0B-46ED-A0D3-B1BACBBCAEB6}.Release|Any CPU.ActiveCfg = Release|Any CPU
		{00C4EAF8-5B0B-46ED-A0D3-B1BACBBCAEB6}.Release|Any CPU.Build.0 = Release|Any CPU
		{00C4EAF8-5B0B-46ED-A0D3-B1BACBBCAEB6}.Release|Mixed Platforms.ActiveCfg = Release|Any CPU
		{00C4EAF8-5B0B-46ED-A0D3-B1BACBBCAEB6}.Release|Mixed Platforms.Build.0 = Release|Any CPU
		{00C4EAF8-5B0B-46ED-A0D3-B1BACBBCAEB6}.Release|x86.ActiveCfg = Release|Any CPU
		{AC71E2D3-347B-4C01-B61C-210366ED67FD}.Debug|Any CPU.ActiveCfg = Debug|Any CPU
		{AC71E2D3-347B-4C01-B61C-210366ED67FD}.Debug|Any CPU.Build.0 = Debug|Any CPU
		{AC71E2D3-347B-4C01-B61C-210366ED67FD}.Debug|Mixed Platforms.ActiveCfg = Debug|Any CPU
		{AC71E2D3-347B-4C01-B61C-210366ED67FD}.Debug|Mixed Platforms.Build.0 = Debug|Any CPU
		{AC71E2D3-347B-4C01-B61C-210366ED67FD}.Debug|x86.ActiveCfg = Debug|Any CPU
		{AC71E2D3-347B-4C01-B61C-210366ED67FD}.Release|Any CPU.ActiveCfg = Release|Any CPU
		{AC71E2D3-347B-4C01-B61C-210366ED67FD}.Release|Any CPU.Build.0 = Release|Any CPU
		{AC71E2D3-347B-4C01-B61C-210366ED67FD}.Release|Mixed Platforms.ActiveCfg = Release|Any CPU
		{AC71E2D3-347B-4C01-B61C-210366ED67FD}.Release|Mixed Platforms.Build.0 = Release|Any CPU
		{AC71E2D3-347B-4C01-B61C-210366ED67FD}.Release|x86.ActiveCfg = Release|Any CPU
		{7AF052FF-C40A-45C7-ADFE-BC0FFF0B59FD}.Debug|Any CPU.ActiveCfg = Debug|Any CPU
		{7AF052FF-C40A-45C7-ADFE-BC0FFF0B59FD}.Debug|Any CPU.Build.0 = Debug|Any CPU
		{7AF052FF-C40A-45C7-ADFE-BC0FFF0B59FD}.Debug|Mixed Platforms.ActiveCfg = Debug|Any CPU
		{7AF052FF-C40A-45C7-ADFE-BC0FFF0B59FD}.Debug|Mixed Platforms.Build.0 = Debug|Any CPU
		{7AF052FF-C40A-45C7-ADFE-BC0FFF0B59FD}.Debug|x86.ActiveCfg = Debug|Any CPU
		{7AF052FF-C40A-45C7-ADFE-BC0FFF0B59FD}.Release|Any CPU.ActiveCfg = Release|Any CPU
		{7AF052FF-C40A-45C7-ADFE-BC0FFF0B59FD}.Release|Any CPU.Build.0 = Release|Any CPU
		{7AF052FF-C40A-45C7-ADFE-BC0FFF0B59FD}.Release|Mixed Platforms.ActiveCfg = Release|Any CPU
		{7AF052FF-C40A-45C7-ADFE-BC0FFF0B59FD}.Release|Mixed Platforms.Build.0 = Release|Any CPU
		{7AF052FF-C40A-45C7-ADFE-BC0FFF0B59FD}.Release|x86.ActiveCfg = Release|Any CPU
		{B1213078-52A3-42A9-80F3-370E1F5FF4D7}.Debug|Any CPU.ActiveCfg = Debug|Any CPU
		{B1213078-52A3-42A9-80F3-370E1F5FF4D7}.Debug|Any CPU.Build.0 = Debug|Any CPU
		{B1213078-52A3-42A9-80F3-370E1F5FF4D7}.Debug|Mixed Platforms.ActiveCfg = Debug|Any CPU
		{B1213078-52A3-42A9-80F3-370E1F5FF4D7}.Debug|Mixed Platforms.Build.0 = Debug|Any CPU
		{B1213078-52A3-42A9-80F3-370E1F5FF4D7}.Debug|x86.ActiveCfg = Debug|Any CPU
		{B1213078-52A3-42A9-80F3-370E1F5FF4D7}.Release|Any CPU.ActiveCfg = Release|Any CPU
		{B1213078-52A3-42A9-80F3-370E1F5FF4D7}.Release|Any CPU.Build.0 = Release|Any CPU
		{B1213078-52A3-42A9-80F3-370E1F5FF4D7}.Release|Mixed Platforms.ActiveCfg = Release|Any CPU
		{B1213078-52A3-42A9-80F3-370E1F5FF4D7}.Release|Mixed Platforms.Build.0 = Release|Any CPU
		{B1213078-52A3-42A9-80F3-370E1F5FF4D7}.Release|x86.ActiveCfg = Release|Any CPU
		{D9D9AEF2-D4CC-4D8E-8FA2-EC10BC2351A8}.Debug|Any CPU.ActiveCfg = Debug|Any CPU
		{D9D9AEF2-D4CC-4D8E-8FA2-EC10BC2351A8}.Debug|Any CPU.Build.0 = Debug|Any CPU
		{D9D9AEF2-D4CC-4D8E-8FA2-EC10BC2351A8}.Debug|Mixed Platforms.ActiveCfg = Debug|Any CPU
		{D9D9AEF2-D4CC-4D8E-8FA2-EC10BC2351A8}.Debug|Mixed Platforms.Build.0 = Debug|Any CPU
		{D9D9AEF2-D4CC-4D8E-8FA2-EC10BC2351A8}.Debug|x86.ActiveCfg = Debug|Any CPU
		{D9D9AEF2-D4CC-4D8E-8FA2-EC10BC2351A8}.Debug|x86.Build.0 = Debug|Any CPU
		{D9D9AEF2-D4CC-4D8E-8FA2-EC10BC2351A8}.Release|Any CPU.ActiveCfg = Release|Any CPU
		{D9D9AEF2-D4CC-4D8E-8FA2-EC10BC2351A8}.Release|Any CPU.Build.0 = Release|Any CPU
		{D9D9AEF2-D4CC-4D8E-8FA2-EC10BC2351A8}.Release|Mixed Platforms.ActiveCfg = Release|Any CPU
		{D9D9AEF2-D4CC-4D8E-8FA2-EC10BC2351A8}.Release|Mixed Platforms.Build.0 = Release|Any CPU
		{D9D9AEF2-D4CC-4D8E-8FA2-EC10BC2351A8}.Release|x86.ActiveCfg = Release|Any CPU
		{D9D9AEF2-D4CC-4D8E-8FA2-EC10BC2351A8}.Release|x86.Build.0 = Release|Any CPU
		{9E6B8EFD-5222-4442-9543-06560E61AAE4}.Debug|Any CPU.ActiveCfg = Debug|Any CPU
		{9E6B8EFD-5222-4442-9543-06560E61AAE4}.Debug|Any CPU.Build.0 = Debug|Any CPU
		{9E6B8EFD-5222-4442-9543-06560E61AAE4}.Debug|Mixed Platforms.ActiveCfg = Debug|Any CPU
		{9E6B8EFD-5222-4442-9543-06560E61AAE4}.Debug|Mixed Platforms.Build.0 = Debug|Any CPU
		{9E6B8EFD-5222-4442-9543-06560E61AAE4}.Debug|x86.ActiveCfg = Debug|Any CPU
		{9E6B8EFD-5222-4442-9543-06560E61AAE4}.Debug|x86.Build.0 = Debug|Any CPU
		{9E6B8EFD-5222-4442-9543-06560E61AAE4}.Release|Any CPU.ActiveCfg = Release|Any CPU
		{9E6B8EFD-5222-4442-9543-06560E61AAE4}.Release|Any CPU.Build.0 = Release|Any CPU
		{9E6B8EFD-5222-4442-9543-06560E61AAE4}.Release|Mixed Platforms.ActiveCfg = Release|Any CPU
		{9E6B8EFD-5222-4442-9543-06560E61AAE4}.Release|Mixed Platforms.Build.0 = Release|Any CPU
		{9E6B8EFD-5222-4442-9543-06560E61AAE4}.Release|x86.ActiveCfg = Release|Any CPU
		{9E6B8EFD-5222-4442-9543-06560E61AAE4}.Release|x86.Build.0 = Release|Any CPU
		{49367E7A-532F-482F-8C5A-9837162946DB}.Debug|Any CPU.ActiveCfg = Debug|Any CPU
		{49367E7A-532F-482F-8C5A-9837162946DB}.Debug|Any CPU.Build.0 = Debug|Any CPU
		{49367E7A-532F-482F-8C5A-9837162946DB}.Debug|Mixed Platforms.ActiveCfg = Debug|Any CPU
		{49367E7A-532F-482F-8C5A-9837162946DB}.Debug|Mixed Platforms.Build.0 = Debug|Any CPU
		{49367E7A-532F-482F-8C5A-9837162946DB}.Debug|x86.ActiveCfg = Debug|Any CPU
		{49367E7A-532F-482F-8C5A-9837162946DB}.Debug|x86.Build.0 = Debug|Any CPU
		{49367E7A-532F-482F-8C5A-9837162946DB}.Release|Any CPU.ActiveCfg = Release|Any CPU
		{49367E7A-532F-482F-8C5A-9837162946DB}.Release|Any CPU.Build.0 = Release|Any CPU
		{49367E7A-532F-482F-8C5A-9837162946DB}.Release|Mixed Platforms.ActiveCfg = Release|Any CPU
		{49367E7A-532F-482F-8C5A-9837162946DB}.Release|Mixed Platforms.Build.0 = Release|Any CPU
		{49367E7A-532F-482F-8C5A-9837162946DB}.Release|x86.ActiveCfg = Release|Any CPU
		{49367E7A-532F-482F-8C5A-9837162946DB}.Release|x86.Build.0 = Release|Any CPU
		{144DF718-6CC9-4214-BAF2-150FC069ACDF}.Debug|Any CPU.ActiveCfg = Debug|Any CPU
		{144DF718-6CC9-4214-BAF2-150FC069ACDF}.Debug|Any CPU.Build.0 = Debug|Any CPU
		{144DF718-6CC9-4214-BAF2-150FC069ACDF}.Debug|Mixed Platforms.ActiveCfg = Debug|Any CPU
		{144DF718-6CC9-4214-BAF2-150FC069ACDF}.Debug|Mixed Platforms.Build.0 = Debug|Any CPU
		{144DF718-6CC9-4214-BAF2-150FC069ACDF}.Debug|x86.ActiveCfg = Debug|Any CPU
		{144DF718-6CC9-4214-BAF2-150FC069ACDF}.Debug|x86.Build.0 = Debug|Any CPU
		{144DF718-6CC9-4214-BAF2-150FC069ACDF}.Release|Any CPU.ActiveCfg = Release|Any CPU
		{144DF718-6CC9-4214-BAF2-150FC069ACDF}.Release|Any CPU.Build.0 = Release|Any CPU
		{144DF718-6CC9-4214-BAF2-150FC069ACDF}.Release|Mixed Platforms.ActiveCfg = Release|Any CPU
		{144DF718-6CC9-4214-BAF2-150FC069ACDF}.Release|Mixed Platforms.Build.0 = Release|Any CPU
		{144DF718-6CC9-4214-BAF2-150FC069ACDF}.Release|x86.ActiveCfg = Release|Any CPU
		{144DF718-6CC9-4214-BAF2-150FC069ACDF}.Release|x86.Build.0 = Release|Any CPU
	EndGlobalSection
	GlobalSection(SolutionProperties) = preSolution
		HideSolutionNode = FALSE
	EndGlobalSection
	GlobalSection(NestedProjects) = preSolution
		{21895C57-CB09-4AF4-906A-71ED4599FE65} = {47600711-F839-477F-A962-55ADEFAB04DA}
		{55DD52CC-35E6-4254-A753-5005EF682F14} = {47600711-F839-477F-A962-55ADEFAB04DA}
		{A17AB7C2-E85B-47EF-9C2B-34F8AC109D33} = {47600711-F839-477F-A962-55ADEFAB04DA}
		{D11650B3-2082-48B1-986B-605A033A04DC} = {47600711-F839-477F-A962-55ADEFAB04DA}
		{00C4EAF8-5B0B-46ED-A0D3-B1BACBBCAEB6} = {03857B97-0F11-42EA-A3AF-836B0EDCB996}
		{AC71E2D3-347B-4C01-B61C-210366ED67FD} = {03857B97-0F11-42EA-A3AF-836B0EDCB996}
		{7AF052FF-C40A-45C7-ADFE-BC0FFF0B59FD} = {47600711-F839-477F-A962-55ADEFAB04DA}
		{B1213078-52A3-42A9-80F3-370E1F5FF4D7} = {03857B97-0F11-42EA-A3AF-836B0EDCB996}
		{D9D9AEF2-D4CC-4D8E-8FA2-EC10BC2351A8} = {47600711-F839-477F-A962-55ADEFAB04DA}
		{9E6B8EFD-5222-4442-9543-06560E61AAE4} = {47600711-F839-477F-A962-55ADEFAB04DA}
		{49367E7A-532F-482F-8C5A-9837162946DB} = {47600711-F839-477F-A962-55ADEFAB04DA}
		{144DF718-6CC9-4214-BAF2-150FC069ACDF} = {47600711-F839-477F-A962-55ADEFAB04DA}
	EndGlobalSection
	GlobalSection(ExtensibilityGlobals) = postSolution
		EnterpriseLibraryConfigurationToolBinariesPath = packages\Unity.2.1.505.2\lib\NET35
	EndGlobalSection
	GlobalSection(TeamFoundationVersionControl) = preSolution
		SccNumberOfProjects = 9
		SccEnterpriseProvider = {4CA58AB2-18FA-4F8D-95D4-32DDF27D184C}
		SccTeamFoundationServer = http://tfs.artq.com:8080/tfs/quantumartcollection
		SccLocalPath0 = .
		SccProjectUniqueName1 = QA.Core.Service.Interaction\\QA.Core.Service.Interaction.csproj
		SccProjectTopLevelParentUniqueName1 = QA.Core.sln
		SccProjectName1 = QA.Core.Service.Interaction
		SccLocalPath1 = QA.Core.Service.Interaction
		SccProjectUniqueName2 = QA.Core.Service\\QA.Core.Service.csproj
		SccProjectTopLevelParentUniqueName2 = QA.Core.sln
		SccProjectName2 = QA.Core.Service
		SccLocalPath2 = QA.Core.Service
		SccProjectUniqueName3 = QA.Core.Web.Tests\\QA.Core.Web.Tests.csproj
		SccProjectTopLevelParentUniqueName3 = QA.Core.sln
		SccProjectName3 = QA.Core.Web.Tests
		SccLocalPath3 = QA.Core.Web.Tests
		SccProjectUniqueName4 = QA.Core.Web\\QA.Core.Web.csproj
		SccProjectTopLevelParentUniqueName4 = QA.Core.sln
		SccProjectName4 = QA.Core.Web
		SccLocalPath4 = QA.Core.Web
		SccProjectUniqueName5 = QA.Core\\QA.Core.csproj
		SccProjectTopLevelParentUniqueName5 = QA.Core.sln
		SccProjectName5 = QA.Core
		SccLocalPath5 = QA.Core
		SccProjectUniqueName6 = QA.Core.Tests\\QA.Core.Tests.csproj
		SccProjectTopLevelParentUniqueName6 = QA.Core.sln
		SccProjectName6 = QA.Core.Tests
		SccLocalPath6 = QA.Core.Tests
		SccProjectUniqueName7 = QA.Core.Data\\QA.Core.Data.csproj
		SccProjectTopLevelParentUniqueName7 = QA.Core.sln
		SccProjectName7 = QA.Core.Data
		SccLocalPath7 = QA.Core.Data
		SccProjectUniqueName8 = QA.Core.Data.Tests\\QA.Core.Data.Tests.csproj
		SccProjectTopLevelParentUniqueName8 = QA.Core.sln
		SccProjectName8 = QA.Core.Data.Tests
		SccLocalPath8 = QA.Core.Data.Tests
	EndGlobalSection
EndGlobal
